
Microsoft Visual Studio Solution File, Format Version 12.00
# Visual Studio Version 16
VisualStudioVersion = 16.0.31729.503
MinimumVisualStudioVersion = 10.0.40219.1
Project("{FAE04EC0-301F-11D3-BF4B-00C04F79EFBC}") = "Classes", "Classes\Classes.csproj", "{DE2F9F55-0845-4359-8278-C89196A99BD7}"
EndProject
Global
	GlobalSection(SolutionConfigurationPlatforms) = preSolution
		Debug|Any CPU = Debug|Any CPU
		Release|Any CPU = Release|Any CPU
	EndGlobalSection
	GlobalSection(ProjectConfigurationPlatforms) = postSolution
		{DE2F9F55-0845-4359-8278-C89196A99BD7}.Debug|Any CPU.ActiveCfg = Debug|Any CPU
		{DE2F9F55-0845-4359-8278-C89196A99BD7}.Debug|Any CPU.Build.0 = Debug|Any CPU
		{DE2F9F55-0845-4359-8278-C89196A99BD7}.Release|Any CPU.ActiveCfg = Release|Any CPU
		{DE2F9F55-0845-4359-8278-C89196A99BD7}.Release|Any CPU.Build.0 = Release|Any CPU
	EndGlobalSection
	GlobalSection(SolutionProperties) = preSolution
		HideSolutionNode = FALSE
	EndGlobalSection
	GlobalSection(ExtensibilityGlobals) = postSolution
		SolutionGuid = {3FC74EE4-E699-4127-B8D4-96F09308862B}
	EndGlobalSection
EndGlobal
